
Microsoft Visual Studio Solution File, Format Version 12.00
Project("{FAE04EC0-301F-11D3-BF4B-00C04F79EFBC}") = "HkdfGuard.Core", "src\HkdfGuard.Core\HkdfGuard.Core.csproj", "{EBE57710-E292-4F92-894A-BC06F5A5656B}"
EndProject
Project("{2150E333-8FDC-42A3-9474-1A3956D46DE8}") = "test", "test", "{0C88DD14-F956-CE84-757C-A364CCF449FC}"
EndProject
Project("{FAE04EC0-301F-11D3-BF4B-00C04F79EFBC}") = "HkdfGuard.Core.Test", "test\HkdfGuard.Core.Test\HkdfGuard.Core.Test.csproj", "{0D2F86EA-109B-4F5D-83BF-63BD5F7A11B3}"
EndProject
Project("{2150E333-8FDC-42A3-9474-1A3956D46DE8}") = "src", "src", "{827E0CD3-B72D-47B6-A68D-7590B98EB39B}"
EndProject
Project("{FAE04EC0-301F-11D3-BF4B-00C04F79EFBC}") = "HkdfGuard.DataProtectionKey", "src\HkdfGuard.DataProtectionKey\HkdfGuard.DataProtectionKey.csproj", "{40794364-9CDE-42D7-AA64-8643D82B4D72}"
EndProject
Project("{FAE04EC0-301F-11D3-BF4B-00C04F79EFBC}") = "HkdfGuard.Abstractions", "src\HkdfGuard.Abstractions\HkdfGuard.Abstractions.csproj", "{7DBD05A7-1673-4568-87E8-78345B436E91}"
EndProject
Project("{FAE04EC0-301F-11D3-BF4B-00C04F79EFBC}") = "HkdfGuard.Initializer", "src\HkdfGuard.Initializer\HkdfGuard.Initializer.csproj", "{C1175F10-B7CA-4F73-B3A0-63D5A6323D0E}"
EndProject
Project("{FAE04EC0-301F-11D3-BF4B-00C04F79EFBC}") = "HkdfGuard.Options", "src\HkdfGuard.Options\HkdfGuard.Options.csproj", "{BA39DD30-7606-45A0-BBC3-33BD92077D71}"
EndProject
Project("{FAE04EC0-301F-11D3-BF4B-00C04F79EFBC}") = "HkdfGuard.Options.Test", "test\HkdfGuard.Options.Test\HkdfGuard.Options.Test.csproj", "{8F85CA1C-6F4D-4C60-9F68-0EB9A55B4E21}"
EndProject
Project("{FAE04EC0-301F-11D3-BF4B-00C04F79EFBC}") = "HkdfGuard.DataProtectionKey.Test", "test\HkdfGuard.DataProtectionKey.Test\HkdfGuard.DataProtectionKey.Test.csproj", "{AFF1513B-3FEE-46BC-8962-C8DDFA625C57}"
EndProject
Project("{FAE04EC0-301F-11D3-BF4B-00C04F79EFBC}") = "HkdfGuard.Cache", "src\HkdfGuard.Cache\HkdfGuard.Cache.csproj", "{AD9D92A5-F942-4B74-8E83-ABC83CF21B25}"
EndProject
Project("{FAE04EC0-301F-11D3-BF4B-00C04F79EFBC}") = "HkdfGuard.Cache.Test", "test\HkdfGuard.Cache.Test\HkdfGuard.Cache.Test.csproj", "{42C8556C-FD13-4ABF-B856-D299213BD5AE}"
EndProject
Project("{FAE04EC0-301F-11D3-BF4B-00C04F79EFBC}") = "HkdfGuard.EncryptedConfiguration", "src\HkdfGuard.EncryptedConfiguration\HkdfGuard.EncryptedConfiguration.csproj", "{10D3F5BF-6907-42B4-A119-A8C96888DD94}"
EndProject
Project("{FAE04EC0-301F-11D3-BF4B-00C04F79EFBC}") = "HkdfGuard.EncryptedConfiguration.Test", "test\HkdfGuard.EncryptedConfiguration.Test\HkdfGuard.EncryptedConfiguration.Test.csproj", "{391E6B8C-148E-44CE-BB3B-8A4DD883BA69}"
EndProject
Project("{FAE04EC0-301F-11D3-BF4B-00C04F79EFBC}") = "HkdfGuard.DependencyInjection", "src\HkdfGuard.DependencyInjection\HkdfGuard.DependencyInjection.csproj", "{2F3233FF-DEA0-4A0D-9FB2-D2EE8C1DA4C2}"
EndProject
Project("{FAE04EC0-301F-11D3-BF4B-00C04F79EFBC}") = "HkdfGuard.DependencyInjection.Test", "test\HkdfGuard.DependencyInjection.Test\HkdfGuard.DependencyInjection.Test.csproj", "{35A78BAC-56F4-4FEB-B26D-0A99DA4A56AB}"
EndProject
Project("{FAE04EC0-301F-11D3-BF4B-00C04F79EFBC}") = "HkdfGuard.Cache.AzureKeyVault", "src\HkdfGuard.Cache.AzureKeyVault\HkdfGuard.Cache.AzureKeyVault.csproj", "{8842160F-B7B9-47D1-9713-F053EF6031B8}"
EndProject
Project("{FAE04EC0-301F-11D3-BF4B-00C04F79EFBC}") = "HkdfGuard.Cache.AzureKeyVault.Test", "test\HkdfGuard.Cache.AzureKeyVault.Test\HkdfGuard.Cache.AzureKeyVault.Test.csproj", "{43136D31-97DD-4822-9BEF-1FF949553042}"
EndProject
Project("{FAE04EC0-301F-11D3-BF4B-00C04F79EFBC}") = "HkdfGuard.Cache.Vault", "src\HkdfGuard.Cache.Vault\HkdfGuard.Cache.Vault.csproj", "{E797F3F6-5BDB-440F-9550-D5DBCB29213D}"
EndProject
Project("{FAE04EC0-301F-11D3-BF4B-00C04F79EFBC}") = "HkdfGuard.Cache.Vault.Test", "test\HkdfGuard.Cache.Vault.Test\HkdfGuard.Cache.Vault.Test.csproj", "{2D67241F-7928-4015-93DC-5AAD5D1719FA}"
EndProject
Project("{FAE04EC0-301F-11D3-BF4B-00C04F79EFBC}") = "HkdfGuard.Cache.AwsSecretsManager", "src\HkdfGuard.Cache.AwsSecretsManager\HkdfGuard.Cache.AwsSecretsManager.csproj", "{20108B51-1395-4716-A346-18209A434D9C}"
EndProject
Project("{FAE04EC0-301F-11D3-BF4B-00C04F79EFBC}") = "HkdfGuard.Cache.AwsSecretsManager.Test", "test\HkdfGuard.Cache.AwsSecretsManager.Test\HkdfGuard.Cache.AwsSecretsManager.Test.csproj", "{53020558-67AB-4FA0-A826-1F5574332386}"
EndProject
Project("{FAE04EC0-301F-11D3-BF4B-00C04F79EFBC}") = "HkdfGuard.Cache.GoogleSecretManager", "src\HkdfGuard.Cache.GoogleSecretManager\HkdfGuard.Cache.GoogleSecretManager.csproj", "{B51C4A35-14F5-4846-A9CE-1989F2ED1242}"
EndProject
Project("{FAE04EC0-301F-11D3-BF4B-00C04F79EFBC}") = "HkdfGuard.Cache.GoogleSecretManager.Test", "test\HkdfGuard.Cache.GoogleSecretManager.Test\HkdfGuard.Cache.GoogleSecretManager.Test.csproj", "{B0D1BAF4-1A67-4D9A-AAE4-DDFCD05DEEEE}"
EndProject
Project("{2150E333-8FDC-42A3-9474-1A3956D46DE8}") = "SolutionFolder", "SolutionFolder", "{F7D349E2-99F8-4573-BDC8-65360F226C6A}"
EndProject
Global
	GlobalSection(SolutionConfigurationPlatforms) = preSolution
		Debug|Any CPU = Debug|Any CPU
		Debug|x64 = Debug|x64
		Debug|x86 = Debug|x86
		Release|Any CPU = Release|Any CPU
		Release|x64 = Release|x64
		Release|x86 = Release|x86
	EndGlobalSection
	GlobalSection(ProjectConfigurationPlatforms) = postSolution
		{EBE57710-E292-4F92-894A-BC06F5A5656B}.Debug|Any CPU.ActiveCfg = Debug|Any CPU
		{EBE57710-E292-4F92-894A-BC06F5A5656B}.Debug|Any CPU.Build.0 = Debug|Any CPU
		{EBE57710-E292-4F92-894A-BC06F5A5656B}.Debug|x64.ActiveCfg = Debug|Any CPU
		{EBE57710-E292-4F92-894A-BC06F5A5656B}.Debug|x64.Build.0 = Debug|Any CPU
		{EBE57710-E292-4F92-894A-BC06F5A5656B}.Debug|x86.ActiveCfg = Debug|Any CPU
		{EBE57710-E292-4F92-894A-BC06F5A5656B}.Debug|x86.Build.0 = Debug|Any CPU
		{EBE57710-E292-4F92-894A-BC06F5A5656B}.Release|Any CPU.ActiveCfg = Release|Any CPU
		{EBE57710-E292-4F92-894A-BC06F5A5656B}.Release|Any CPU.Build.0 = Release|Any CPU
		{EBE57710-E292-4F92-894A-BC06F5A5656B}.Release|x64.ActiveCfg = Release|Any CPU
		{EBE57710-E292-4F92-894A-BC06F5A5656B}.Release|x64.Build.0 = Release|Any CPU
		{EBE57710-E292-4F92-894A-BC06F5A5656B}.Release|x86.ActiveCfg = Release|Any CPU
		{EBE57710-E292-4F92-894A-BC06F5A5656B}.Release|x86.Build.0 = Release|Any CPU
		{0D2F86EA-109B-4F5D-83BF-63BD5F7A11B3}.Debug|Any CPU.ActiveCfg = Debug|Any CPU
		{0D2F86EA-109B-4F5D-83BF-63BD5F7A11B3}.Debug|Any CPU.Build.0 = Debug|Any CPU
		{0D2F86EA-109B-4F5D-83BF-63BD5F7A11B3}.Debug|x64.ActiveCfg = Debug|Any CPU
		{0D2F86EA-109B-4F5D-83BF-63BD5F7A11B3}.Debug|x64.Build.0 = Debug|Any CPU
		{0D2F86EA-109B-4F5D-83BF-63BD5F7A11B3}.Debug|x86.ActiveCfg = Debug|Any CPU
		{0D2F86EA-109B-4F5D-83BF-63BD5F7A11B3}.Debug|x86.Build.0 = Debug|Any CPU
		{0D2F86EA-109B-4F5D-83BF-63BD5F7A11B3}.Release|Any CPU.ActiveCfg = Release|Any CPU
		{0D2F86EA-109B-4F5D-83BF-63BD5F7A11B3}.Release|Any CPU.Build.0 = Release|Any CPU
		{0D2F86EA-109B-4F5D-83BF-63BD5F7A11B3}.Release|x64.ActiveCfg = Release|Any CPU
		{0D2F86EA-109B-4F5D-83BF-63BD5F7A11B3}.Release|x64.Build.0 = Release|Any CPU
		{0D2F86EA-109B-4F5D-83BF-63BD5F7A11B3}.Release|x86.ActiveCfg = Release|Any CPU
		{0D2F86EA-109B-4F5D-83BF-63BD5F7A11B3}.Release|x86.Build.0 = Release|Any CPU
		{40794364-9CDE-42D7-AA64-8643D82B4D72}.Debug|Any CPU.ActiveCfg = Debug|Any CPU
		{40794364-9CDE-42D7-AA64-8643D82B4D72}.Debug|Any CPU.Build.0 = Debug|Any CPU
		{40794364-9CDE-42D7-AA64-8643D82B4D72}.Debug|x64.ActiveCfg = Debug|Any CPU
		{40794364-9CDE-42D7-AA64-8643D82B4D72}.Debug|x64.Build.0 = Debug|Any CPU
		{40794364-9CDE-42D7-AA64-8643D82B4D72}.Debug|x86.ActiveCfg = Debug|Any CPU
		{40794364-9CDE-42D7-AA64-8643D82B4D72}.Debug|x86.Build.0 = Debug|Any CPU
		{40794364-9CDE-42D7-AA64-8643D82B4D72}.Release|Any CPU.ActiveCfg = Release|Any CPU
		{40794364-9CDE-42D7-AA64-8643D82B4D72}.Release|Any CPU.Build.0 = Release|Any CPU
		{40794364-9CDE-42D7-AA64-8643D82B4D72}.Release|x64.ActiveCfg = Release|Any CPU
		{40794364-9CDE-42D7-AA64-8643D82B4D72}.Release|x64.Build.0 = Release|Any CPU
		{40794364-9CDE-42D7-AA64-8643D82B4D72}.Release|x86.ActiveCfg = Release|Any CPU
		{40794364-9CDE-42D7-AA64-8643D82B4D72}.Release|x86.Build.0 = Release|Any CPU
		{7DBD05A7-1673-4568-87E8-78345B436E91}.Debug|Any CPU.ActiveCfg = Debug|Any CPU
		{7DBD05A7-1673-4568-87E8-78345B436E91}.Debug|Any CPU.Build.0 = Debug|Any CPU
		{7DBD05A7-1673-4568-87E8-78345B436E91}.Debug|x64.ActiveCfg = Debug|Any CPU
		{7DBD05A7-1673-4568-87E8-78345B436E91}.Debug|x64.Build.0 = Debug|Any CPU
		{7DBD05A7-1673-4568-87E8-78345B436E91}.Debug|x86.ActiveCfg = Debug|Any CPU
		{7DBD05A7-1673-4568-87E8-78345B436E91}.Debug|x86.Build.0 = Debug|Any CPU
		{7DBD05A7-1673-4568-87E8-78345B436E91}.Release|Any CPU.ActiveCfg = Release|Any CPU
		{7DBD05A7-1673-4568-87E8-78345B436E91}.Release|Any CPU.Build.0 = Release|Any CPU
		{7DBD05A7-1673-4568-87E8-78345B436E91}.Release|x64.ActiveCfg = Release|Any CPU
		{7DBD05A7-1673-4568-87E8-78345B436E91}.Release|x64.Build.0 = Release|Any CPU
		{7DBD05A7-1673-4568-87E8-78345B436E91}.Release|x86.ActiveCfg = Release|Any CPU
		{7DBD05A7-1673-4568-87E8-78345B436E91}.Release|x86.Build.0 = Release|Any CPU
		{C1175F10-B7CA-4F73-B3A0-63D5A6323D0E}.Debug|Any CPU.ActiveCfg = Debug|Any CPU
		{C1175F10-B7CA-4F73-B3A0-63D5A6323D0E}.Debug|Any CPU.Build.0 = Debug|Any CPU
		{C1175F10-B7CA-4F73-B3A0-63D5A6323D0E}.Debug|x64.ActiveCfg = Debug|Any CPU
		{C1175F10-B7CA-4F73-B3A0-63D5A6323D0E}.Debug|x64.Build.0 = Debug|Any CPU
		{C1175F10-B7CA-4F73-B3A0-63D5A6323D0E}.Debug|x86.ActiveCfg = Debug|Any CPU
		{C1175F10-B7CA-4F73-B3A0-63D5A6323D0E}.Debug|x86.Build.0 = Debug|Any CPU
		{C1175F10-B7CA-4F73-B3A0-63D5A6323D0E}.Release|Any CPU.ActiveCfg = Release|Any CPU
		{C1175F10-B7CA-4F73-B3A0-63D5A6323D0E}.Release|Any CPU.Build.0 = Release|Any CPU
		{C1175F10-B7CA-4F73-B3A0-63D5A6323D0E}.Release|x64.ActiveCfg = Release|Any CPU
		{C1175F10-B7CA-4F73-B3A0-63D5A6323D0E}.Release|x64.Build.0 = Release|Any CPU
		{C1175F10-B7CA-4F73-B3A0-63D5A6323D0E}.Release|x86.ActiveCfg = Release|Any CPU
		{C1175F10-B7CA-4F73-B3A0-63D5A6323D0E}.Release|x86.Build.0 = Release|Any CPU
		{BA39DD30-7606-45A0-BBC3-33BD92077D71}.Debug|Any CPU.ActiveCfg = Debug|Any CPU
		{BA39DD30-7606-45A0-BBC3-33BD92077D71}.Debug|Any CPU.Build.0 = Debug|Any CPU
		{BA39DD30-7606-45A0-BBC3-33BD92077D71}.Debug|x64.ActiveCfg = Debug|Any CPU
		{BA39DD30-7606-45A0-BBC3-33BD92077D71}.Debug|x64.Build.0 = Debug|Any CPU
		{BA39DD30-7606-45A0-BBC3-33BD92077D71}.Debug|x86.ActiveCfg = Debug|Any CPU
		{BA39DD30-7606-45A0-BBC3-33BD92077D71}.Debug|x86.Build.0 = Debug|Any CPU
		{BA39DD30-7606-45A0-BBC3-33BD92077D71}.Release|Any CPU.ActiveCfg = Release|Any CPU
		{BA39DD30-7606-45A0-BBC3-33BD92077D71}.Release|Any CPU.Build.0 = Release|Any CPU
		{BA39DD30-7606-45A0-BBC3-33BD92077D71}.Release|x64.ActiveCfg = Release|Any CPU
		{BA39DD30-7606-45A0-BBC3-33BD92077D71}.Release|x64.Build.0 = Release|Any CPU
		{BA39DD30-7606-45A0-BBC3-33BD92077D71}.Release|x86.ActiveCfg = Release|Any CPU
		{BA39DD30-7606-45A0-BBC3-33BD92077D71}.Release|x86.Build.0 = Release|Any CPU
		{8F85CA1C-6F4D-4C60-9F68-0EB9A55B4E21}.Debug|Any CPU.ActiveCfg = Debug|Any CPU
		{8F85CA1C-6F4D-4C60-9F68-0EB9A55B4E21}.Debug|Any CPU.Build.0 = Debug|Any CPU
		{8F85CA1C-6F4D-4C60-9F68-0EB9A55B4E21}.Debug|x64.ActiveCfg = Debug|Any CPU
		{8F85CA1C-6F4D-4C60-9F68-0EB9A55B4E21}.Debug|x64.Build.0 = Debug|Any CPU
		{8F85CA1C-6F4D-4C60-9F68-0EB9A55B4E21}.Debug|x86.ActiveCfg = Debug|Any CPU
		{8F85CA1C-6F4D-4C60-9F68-0EB9A55B4E21}.Debug|x86.Build.0 = Debug|Any CPU
		{8F85CA1C-6F4D-4C60-9F68-0EB9A55B4E21}.Release|Any CPU.ActiveCfg = Release|Any CPU
		{8F85CA1C-6F4D-4C60-9F68-0EB9A55B4E21}.Release|Any CPU.Build.0 = Release|Any CPU
		{8F85CA1C-6F4D-4C60-9F68-0EB9A55B4E21}.Release|x64.ActiveCfg = Release|Any CPU
		{8F85CA1C-6F4D-4C60-9F68-0EB9A55B4E21}.Release|x64.Build.0 = Release|Any CPU
		{8F85CA1C-6F4D-4C60-9F68-0EB9A55B4E21}.Release|x86.ActiveCfg = Release|Any CPU
		{8F85CA1C-6F4D-4C60-9F68-0EB9A55B4E21}.Release|x86.Build.0 = Release|Any CPU
		{AFF1513B-3FEE-46BC-8962-C8DDFA625C57}.Debug|Any CPU.ActiveCfg = Debug|Any CPU
		{AFF1513B-3FEE-46BC-8962-C8DDFA625C57}.Debug|Any CPU.Build.0 = Debug|Any CPU
		{AFF1513B-3FEE-46BC-8962-C8DDFA625C57}.Debug|x64.ActiveCfg = Debug|Any CPU
		{AFF1513B-3FEE-46BC-8962-C8DDFA625C57}.Debug|x64.Build.0 = Debug|Any CPU
		{AFF1513B-3FEE-46BC-8962-C8DDFA625C57}.Debug|x86.ActiveCfg = Debug|Any CPU
		{AFF1513B-3FEE-46BC-8962-C8DDFA625C57}.Debug|x86.Build.0 = Debug|Any CPU
		{AFF1513B-3FEE-46BC-8962-C8DDFA625C57}.Release|Any CPU.ActiveCfg = Release|Any CPU
		{AFF1513B-3FEE-46BC-8962-C8DDFA625C57}.Release|Any CPU.Build.0 = Release|Any CPU
		{AFF1513B-3FEE-46BC-8962-C8DDFA625C57}.Release|x64.ActiveCfg = Release|Any CPU
		{AFF1513B-3FEE-46BC-8962-C8DDFA625C57}.Release|x64.Build.0 = Release|Any CPU
		{AFF1513B-3FEE-46BC-8962-C8DDFA625C57}.Release|x86.ActiveCfg = Release|Any CPU
		{AFF1513B-3FEE-46BC-8962-C8DDFA625C57}.Release|x86.Build.0 = Release|Any CPU
		{AD9D92A5-F942-4B74-8E83-ABC83CF21B25}.Debug|Any CPU.ActiveCfg = Debug|Any CPU
		{AD9D92A5-F942-4B74-8E83-ABC83CF21B25}.Debug|Any CPU.Build.0 = Debug|Any CPU
		{AD9D92A5-F942-4B74-8E83-ABC83CF21B25}.Debug|x64.ActiveCfg = Debug|Any CPU
		{AD9D92A5-F942-4B74-8E83-ABC83CF21B25}.Debug|x64.Build.0 = Debug|Any CPU
		{AD9D92A5-F942-4B74-8E83-ABC83CF21B25}.Debug|x86.ActiveCfg = Debug|Any CPU
		{AD9D92A5-F942-4B74-8E83-ABC83CF21B25}.Debug|x86.Build.0 = Debug|Any CPU
		{AD9D92A5-F942-4B74-8E83-ABC83CF21B25}.Release|Any CPU.ActiveCfg = Release|Any CPU
		{AD9D92A5-F942-4B74-8E83-ABC83CF21B25}.Release|Any CPU.Build.0 = Release|Any CPU
		{AD9D92A5-F942-4B74-8E83-ABC83CF21B25}.Release|x64.ActiveCfg = Release|Any CPU
		{AD9D92A5-F942-4B74-8E83-ABC83CF21B25}.Release|x64.Build.0 = Release|Any CPU
		{AD9D92A5-F942-4B74-8E83-ABC83CF21B25}.Release|x86.ActiveCfg = Release|Any CPU
		{AD9D92A5-F942-4B74-8E83-ABC83CF21B25}.Release|x86.Build.0 = Release|Any CPU
		{42C8556C-FD13-4ABF-B856-D299213BD5AE}.Debug|Any CPU.ActiveCfg = Debug|Any CPU
		{42C8556C-FD13-4ABF-B856-D299213BD5AE}.Debug|Any CPU.Build.0 = Debug|Any CPU
		{42C8556C-FD13-4ABF-B856-D299213BD5AE}.Debug|x64.ActiveCfg = Debug|Any CPU
		{42C8556C-FD13-4ABF-B856-D299213BD5AE}.Debug|x64.Build.0 = Debug|Any CPU
		{42C8556C-FD13-4ABF-B856-D299213BD5AE}.Debug|x86.ActiveCfg = Debug|Any CPU
		{42C8556C-FD13-4ABF-B856-D299213BD5AE}.Debug|x86.Build.0 = Debug|Any CPU
		{42C8556C-FD13-4ABF-B856-D299213BD5AE}.Release|Any CPU.ActiveCfg = Release|Any CPU
		{42C8556C-FD13-4ABF-B856-D299213BD5AE}.Release|Any CPU.Build.0 = Release|Any CPU
		{42C8556C-FD13-4ABF-B856-D299213BD5AE}.Release|x64.ActiveCfg = Release|Any CPU
		{42C8556C-FD13-4ABF-B856-D299213BD5AE}.Release|x64.Build.0 = Release|Any CPU
		{42C8556C-FD13-4ABF-B856-D299213BD5AE}.Release|x86.ActiveCfg = Release|Any CPU
		{42C8556C-FD13-4ABF-B856-D299213BD5AE}.Release|x86.Build.0 = Release|Any CPU
		{10D3F5BF-6907-42B4-A119-A8C96888DD94}.Debug|Any CPU.ActiveCfg = Debug|Any CPU
		{10D3F5BF-6907-42B4-A119-A8C96888DD94}.Debug|Any CPU.Build.0 = Debug|Any CPU
		{10D3F5BF-6907-42B4-A119-A8C96888DD94}.Debug|x64.ActiveCfg = Debug|Any CPU
		{10D3F5BF-6907-42B4-A119-A8C96888DD94}.Debug|x64.Build.0 = Debug|Any CPU
		{10D3F5BF-6907-42B4-A119-A8C96888DD94}.Debug|x86.ActiveCfg = Debug|Any CPU
		{10D3F5BF-6907-42B4-A119-A8C96888DD94}.Debug|x86.Build.0 = Debug|Any CPU
		{10D3F5BF-6907-42B4-A119-A8C96888DD94}.Release|Any CPU.ActiveCfg = Release|Any CPU
		{10D3F5BF-6907-42B4-A119-A8C96888DD94}.Release|Any CPU.Build.0 = Release|Any CPU
		{10D3F5BF-6907-42B4-A119-A8C96888DD94}.Release|x64.ActiveCfg = Release|Any CPU
		{10D3F5BF-6907-42B4-A119-A8C96888DD94}.Release|x64.Build.0 = Release|Any CPU
		{10D3F5BF-6907-42B4-A119-A8C96888DD94}.Release|x86.ActiveCfg = Release|Any CPU
		{10D3F5BF-6907-42B4-A119-A8C96888DD94}.Release|x86.Build.0 = Release|Any CPU
		{391E6B8C-148E-44CE-BB3B-8A4DD883BA69}.Debug|Any CPU.ActiveCfg = Debug|Any CPU
		{391E6B8C-148E-44CE-BB3B-8A4DD883BA69}.Debug|Any CPU.Build.0 = Debug|Any CPU
		{391E6B8C-148E-44CE-BB3B-8A4DD883BA69}.Debug|x64.ActiveCfg = Debug|Any CPU
		{391E6B8C-148E-44CE-BB3B-8A4DD883BA69}.Debug|x64.Build.0 = Debug|Any CPU
		{391E6B8C-148E-44CE-BB3B-8A4DD883BA69}.Debug|x86.ActiveCfg = Debug|Any CPU
		{391E6B8C-148E-44CE-BB3B-8A4DD883BA69}.Debug|x86.Build.0 = Debug|Any CPU
		{391E6B8C-148E-44CE-BB3B-8A4DD883BA69}.Release|Any CPU.ActiveCfg = Release|Any CPU
		{391E6B8C-148E-44CE-BB3B-8A4DD883BA69}.Release|Any CPU.Build.0 = Release|Any CPU
		{391E6B8C-148E-44CE-BB3B-8A4DD883BA69}.Release|x64.ActiveCfg = Release|Any CPU
		{391E6B8C-148E-44CE-BB3B-8A4DD883BA69}.Release|x64.Build.0 = Release|Any CPU
		{391E6B8C-148E-44CE-BB3B-8A4DD883BA69}.Release|x86.ActiveCfg = Release|Any CPU
		{391E6B8C-148E-44CE-BB3B-8A4DD883BA69}.Release|x86.Build.0 = Release|Any CPU
		{2F3233FF-DEA0-4A0D-9FB2-D2EE8C1DA4C2}.Debug|Any CPU.ActiveCfg = Debug|Any CPU
		{2F3233FF-DEA0-4A0D-9FB2-D2EE8C1DA4C2}.Debug|Any CPU.Build.0 = Debug|Any CPU
		{2F3233FF-DEA0-4A0D-9FB2-D2EE8C1DA4C2}.Debug|x64.ActiveCfg = Debug|Any CPU
		{2F3233FF-DEA0-4A0D-9FB2-D2EE8C1DA4C2}.Debug|x64.Build.0 = Debug|Any CPU
		{2F3233FF-DEA0-4A0D-9FB2-D2EE8C1DA4C2}.Debug|x86.ActiveCfg = Debug|Any CPU
		{2F3233FF-DEA0-4A0D-9FB2-D2EE8C1DA4C2}.Debug|x86.Build.0 = Debug|Any CPU
		{2F3233FF-DEA0-4A0D-9FB2-D2EE8C1DA4C2}.Release|Any CPU.ActiveCfg = Release|Any CPU
		{2F3233FF-DEA0-4A0D-9FB2-D2EE8C1DA4C2}.Release|Any CPU.Build.0 = Release|Any CPU
		{2F3233FF-DEA0-4A0D-9FB2-D2EE8C1DA4C2}.Release|x64.ActiveCfg = Release|Any CPU
		{2F3233FF-DEA0-4A0D-9FB2-D2EE8C1DA4C2}.Release|x64.Build.0 = Release|Any CPU
		{2F3233FF-DEA0-4A0D-9FB2-D2EE8C1DA4C2}.Release|x86.ActiveCfg = Release|Any CPU
		{2F3233FF-DEA0-4A0D-9FB2-D2EE8C1DA4C2}.Release|x86.Build.0 = Release|Any CPU
		{35A78BAC-56F4-4FEB-B26D-0A99DA4A56AB}.Debug|Any CPU.ActiveCfg = Debug|Any CPU
		{35A78BAC-56F4-4FEB-B26D-0A99DA4A56AB}.Debug|Any CPU.Build.0 = Debug|Any CPU
		{35A78BAC-56F4-4FEB-B26D-0A99DA4A56AB}.Debug|x64.ActiveCfg = Debug|Any CPU
		{35A78BAC-56F4-4FEB-B26D-0A99DA4A56AB}.Debug|x64.Build.0 = Debug|Any CPU
		{35A78BAC-56F4-4FEB-B26D-0A99DA4A56AB}.Debug|x86.ActiveCfg = Debug|Any CPU
		{35A78BAC-56F4-4FEB-B26D-0A99DA4A56AB}.Debug|x86.Build.0 = Debug|Any CPU
		{35A78BAC-56F4-4FEB-B26D-0A99DA4A56AB}.Release|Any CPU.ActiveCfg = Release|Any CPU
		{35A78BAC-56F4-4FEB-B26D-0A99DA4A56AB}.Release|Any CPU.Build.0 = Release|Any CPU
		{35A78BAC-56F4-4FEB-B26D-0A99DA4A56AB}.Release|x64.ActiveCfg = Release|Any CPU
		{35A78BAC-56F4-4FEB-B26D-0A99DA4A56AB}.Release|x64.Build.0 = Release|Any CPU
		{35A78BAC-56F4-4FEB-B26D-0A99DA4A56AB}.Release|x86.ActiveCfg = Release|Any CPU
		{35A78BAC-56F4-4FEB-B26D-0A99DA4A56AB}.Release|x86.Build.0 = Release|Any CPU
		{8842160F-B7B9-47D1-9713-F053EF6031B8}.Debug|Any CPU.ActiveCfg = Debug|Any CPU
		{8842160F-B7B9-47D1-9713-F053EF6031B8}.Debug|Any CPU.Build.0 = Debug|Any CPU
		{8842160F-B7B9-47D1-9713-F053EF6031B8}.Debug|x64.ActiveCfg = Debug|Any CPU
		{8842160F-B7B9-47D1-9713-F053EF6031B8}.Debug|x64.Build.0 = Debug|Any CPU
		{8842160F-B7B9-47D1-9713-F053EF6031B8}.Debug|x86.ActiveCfg = Debug|Any CPU
		{8842160F-B7B9-47D1-9713-F053EF6031B8}.Debug|x86.Build.0 = Debug|Any CPU
		{8842160F-B7B9-47D1-9713-F053EF6031B8}.Release|Any CPU.ActiveCfg = Release|Any CPU
		{8842160F-B7B9-47D1-9713-F053EF6031B8}.Release|Any CPU.Build.0 = Release|Any CPU
		{8842160F-B7B9-47D1-9713-F053EF6031B8}.Release|x64.ActiveCfg = Release|Any CPU
		{8842160F-B7B9-47D1-9713-F053EF6031B8}.Release|x64.Build.0 = Release|Any CPU
		{8842160F-B7B9-47D1-9713-F053EF6031B8}.Release|x86.ActiveCfg = Release|Any CPU
		{8842160F-B7B9-47D1-9713-F053EF6031B8}.Release|x86.Build.0 = Release|Any CPU
		{43136D31-97DD-4822-9BEF-1FF949553042}.Debug|Any CPU.ActiveCfg = Debug|Any CPU
		{43136D31-97DD-4822-9BEF-1FF949553042}.Debug|Any CPU.Build.0 = Debug|Any CPU
		{43136D31-97DD-4822-9BEF-1FF949553042}.Debug|x64.ActiveCfg = Debug|Any CPU
		{43136D31-97DD-4822-9BEF-1FF949553042}.Debug|x64.Build.0 = Debug|Any CPU
		{43136D31-97DD-4822-9BEF-1FF949553042}.Debug|x86.ActiveCfg = Debug|Any CPU
		{43136D31-97DD-4822-9BEF-1FF949553042}.Debug|x86.Build.0 = Debug|Any CPU
		{43136D31-97DD-4822-9BEF-1FF949553042}.Release|Any CPU.ActiveCfg = Release|Any CPU
		{43136D31-97DD-4822-9BEF-1FF949553042}.Release|Any CPU.Build.0 = Release|Any CPU
		{43136D31-97DD-4822-9BEF-1FF949553042}.Release|x64.ActiveCfg = Release|Any CPU
		{43136D31-97DD-4822-9BEF-1FF949553042}.Release|x64.Build.0 = Release|Any CPU
		{43136D31-97DD-4822-9BEF-1FF949553042}.Release|x86.ActiveCfg = Release|Any CPU
		{43136D31-97DD-4822-9BEF-1FF949553042}.Release|x86.Build.0 = Release|Any CPU
		{E797F3F6-5BDB-440F-9550-D5DBCB29213D}.Debug|Any CPU.ActiveCfg = Debug|Any CPU
		{E797F3F6-5BDB-440F-9550-D5DBCB29213D}.Debug|Any CPU.Build.0 = Debug|Any CPU
		{E797F3F6-5BDB-440F-9550-D5DBCB29213D}.Debug|x64.ActiveCfg = Debug|Any CPU
		{E797F3F6-5BDB-440F-9550-D5DBCB29213D}.Debug|x64.Build.0 = Debug|Any CPU
		{E797F3F6-5BDB-440F-9550-D5DBCB29213D}.Debug|x86.ActiveCfg = Debug|Any CPU
		{E797F3F6-5BDB-440F-9550-D5DBCB29213D}.Debug|x86.Build.0 = Debug|Any CPU
		{E797F3F6-5BDB-440F-9550-D5DBCB29213D}.Release|Any CPU.ActiveCfg = Release|Any CPU
		{E797F3F6-5BDB-440F-9550-D5DBCB29213D}.Release|Any CPU.Build.0 = Release|Any CPU
		{E797F3F6-5BDB-440F-9550-D5DBCB29213D}.Release|x64.ActiveCfg = Release|Any CPU
		{E797F3F6-5BDB-440F-9550-D5DBCB29213D}.Release|x64.Build.0 = Release|Any CPU
		{E797F3F6-5BDB-440F-9550-D5DBCB29213D}.Release|x86.ActiveCfg = Release|Any CPU
		{E797F3F6-5BDB-440F-9550-D5DBCB29213D}.Release|x86.Build.0 = Release|Any CPU
		{2D67241F-7928-4015-93DC-5AAD5D1719FA}.Debug|Any CPU.ActiveCfg = Debug|Any CPU
		{2D67241F-7928-4015-93DC-5AAD5D1719FA}.Debug|Any CPU.Build.0 = Debug|Any CPU
		{2D67241F-7928-4015-93DC-5AAD5D1719FA}.Debug|x64.ActiveCfg = Debug|Any CPU
		{2D67241F-7928-4015-93DC-5AAD5D1719FA}.Debug|x64.Build.0 = Debug|Any CPU
		{2D67241F-7928-4015-93DC-5AAD5D1719FA}.Debug|x86.ActiveCfg = Debug|Any CPU
		{2D67241F-7928-4015-93DC-5AAD5D1719FA}.Debug|x86.Build.0 = Debug|Any CPU
		{2D67241F-7928-4015-93DC-5AAD5D1719FA}.Release|Any CPU.ActiveCfg = Release|Any CPU
		{2D67241F-7928-4015-93DC-5AAD5D1719FA}.Release|Any CPU.Build.0 = Release|Any CPU
		{2D67241F-7928-4015-93DC-5AAD5D1719FA}.Release|x64.ActiveCfg = Release|Any CPU
		{2D67241F-7928-4015-93DC-5AAD5D1719FA}.Release|x64.Build.0 = Release|Any CPU
		{2D67241F-7928-4015-93DC-5AAD5D1719FA}.Release|x86.ActiveCfg = Release|Any CPU
		{2D67241F-7928-4015-93DC-5AAD5D1719FA}.Release|x86.Build.0 = Release|Any CPU
		{20108B51-1395-4716-A346-18209A434D9C}.Debug|Any CPU.ActiveCfg = Debug|Any CPU
		{20108B51-1395-4716-A346-18209A434D9C}.Debug|Any CPU.Build.0 = Debug|Any CPU
		{20108B51-1395-4716-A346-18209A434D9C}.Debug|x64.ActiveCfg = Debug|Any CPU
		{20108B51-1395-4716-A346-18209A434D9C}.Debug|x64.Build.0 = Debug|Any CPU
		{20108B51-1395-4716-A346-18209A434D9C}.Debug|x86.ActiveCfg = Debug|Any CPU
		{20108B51-1395-4716-A346-18209A434D9C}.Debug|x86.Build.0 = Debug|Any CPU
		{20108B51-1395-4716-A346-18209A434D9C}.Release|Any CPU.ActiveCfg = Release|Any CPU
		{20108B51-1395-4716-A346-18209A434D9C}.Release|Any CPU.Build.0 = Release|Any CPU
		{20108B51-1395-4716-A346-18209A434D9C}.Release|x64.ActiveCfg = Release|Any CPU
		{20108B51-1395-4716-A346-18209A434D9C}.Release|x64.Build.0 = Release|Any CPU
		{20108B51-1395-4716-A346-18209A434D9C}.Release|x86.ActiveCfg = Release|Any CPU
		{20108B51-1395-4716-A346-18209A434D9C}.Release|x86.Build.0 = Release|Any CPU
		{53020558-67AB-4FA0-A826-1F5574332386}.Debug|Any CPU.ActiveCfg = Debug|Any CPU
		{53020558-67AB-4FA0-A826-1F5574332386}.Debug|Any CPU.Build.0 = Debug|Any CPU
		{53020558-67AB-4FA0-A826-1F5574332386}.Debug|x64.ActiveCfg = Debug|Any CPU
		{53020558-67AB-4FA0-A826-1F5574332386}.Debug|x64.Build.0 = Debug|Any CPU
		{53020558-67AB-4FA0-A826-1F5574332386}.Debug|x86.ActiveCfg = Debug|Any CPU
		{53020558-67AB-4FA0-A826-1F5574332386}.Debug|x86.Build.0 = Debug|Any CPU
		{53020558-67AB-4FA0-A826-1F5574332386}.Release|Any CPU.ActiveCfg = Release|Any CPU
		{53020558-67AB-4FA0-A826-1F5574332386}.Release|Any CPU.Build.0 = Release|Any CPU
		{53020558-67AB-4FA0-A826-1F5574332386}.Release|x64.ActiveCfg = Release|Any CPU
		{53020558-67AB-4FA0-A826-1F5574332386}.Release|x64.Build.0 = Release|Any CPU
		{53020558-67AB-4FA0-A826-1F5574332386}.Release|x86.ActiveCfg = Release|Any CPU
		{53020558-67AB-4FA0-A826-1F5574332386}.Release|x86.Build.0 = Release|Any CPU
		{B51C4A35-14F5-4846-A9CE-1989F2ED1242}.Debug|Any CPU.ActiveCfg = Debug|Any CPU
		{B51C4A35-14F5-4846-A9CE-1989F2ED1242}.Debug|Any CPU.Build.0 = Debug|Any CPU
		{B51C4A35-14F5-4846-A9CE-1989F2ED1242}.Debug|x64.ActiveCfg = Debug|Any CPU
		{B51C4A35-14F5-4846-A9CE-1989F2ED1242}.Debug|x64.Build.0 = Debug|Any CPU
		{B51C4A35-14F5-4846-A9CE-1989F2ED1242}.Debug|x86.ActiveCfg = Debug|Any CPU
		{B51C4A35-14F5-4846-A9CE-1989F2ED1242}.Debug|x86.Build.0 = Debug|Any CPU
		{B51C4A35-14F5-4846-A9CE-1989F2ED1242}.Release|Any CPU.ActiveCfg = Release|Any CPU
		{B51C4A35-14F5-4846-A9CE-1989F2ED1242}.Release|Any CPU.Build.0 = Release|Any CPU
		{B51C4A35-14F5-4846-A9CE-1989F2ED1242}.Release|x64.ActiveCfg = Release|Any CPU
		{B51C4A35-14F5-4846-A9CE-1989F2ED1242}.Release|x64.Build.0 = Release|Any CPU
		{B51C4A35-14F5-4846-A9CE-1989F2ED1242}.Release|x86.ActiveCfg = Release|Any CPU
		{B51C4A35-14F5-4846-A9CE-1989F2ED1242}.Release|x86.Build.0 = Release|Any CPU
		{B0D1BAF4-1A67-4D9A-AAE4-DDFCD05DEEEE}.Debug|Any CPU.ActiveCfg = Debug|Any CPU
		{B0D1BAF4-1A67-4D9A-AAE4-DDFCD05DEEEE}.Debug|Any CPU.Build.0 = Debug|Any CPU
		{B0D1BAF4-1A67-4D9A-AAE4-DDFCD05DEEEE}.Debug|x64.ActiveCfg = Debug|Any CPU
		{B0D1BAF4-1A67-4D9A-AAE4-DDFCD05DEEEE}.Debug|x64.Build.0 = Debug|Any CPU
		{B0D1BAF4-1A67-4D9A-AAE4-DDFCD05DEEEE}.Debug|x86.ActiveCfg = Debug|Any CPU
		{B0D1BAF4-1A67-4D9A-AAE4-DDFCD05DEEEE}.Debug|x86.Build.0 = Debug|Any CPU
		{B0D1BAF4-1A67-4D9A-AAE4-DDFCD05DEEEE}.Release|Any CPU.ActiveCfg = Release|Any CPU
		{B0D1BAF4-1A67-4D9A-AAE4-DDFCD05DEEEE}.Release|Any CPU.Build.0 = Release|Any CPU
		{B0D1BAF4-1A67-4D9A-AAE4-DDFCD05DEEEE}.Release|x64.ActiveCfg = Release|Any CPU
		{B0D1BAF4-1A67-4D9A-AAE4-DDFCD05DEEEE}.Release|x64.Build.0 = Release|Any CPU
		{B0D1BAF4-1A67-4D9A-AAE4-DDFCD05DEEEE}.Release|x86.ActiveCfg = Release|Any CPU
		{B0D1BAF4-1A67-4D9A-AAE4-DDFCD05DEEEE}.Release|x86.Build.0 = Release|Any CPU
	EndGlobalSection
	GlobalSection(SolutionProperties) = preSolution
		HideSolutionNode = FALSE
	EndGlobalSection
	GlobalSection(NestedProjects) = preSolution
		{EBE57710-E292-4F92-894A-BC06F5A5656B} = {827E0CD3-B72D-47B6-A68D-7590B98EB39B}
		{0D2F86EA-109B-4F5D-83BF-63BD5F7A11B3} = {0C88DD14-F956-CE84-757C-A364CCF449FC}
		{40794364-9CDE-42D7-AA64-8643D82B4D72} = {827E0CD3-B72D-47B6-A68D-7590B98EB39B}
		{7DBD05A7-1673-4568-87E8-78345B436E91} = {827E0CD3-B72D-47B6-A68D-7590B98EB39B}
		{C1175F10-B7CA-4F73-B3A0-63D5A6323D0E} = {827E0CD3-B72D-47B6-A68D-7590B98EB39B}
		{BA39DD30-7606-45A0-BBC3-33BD92077D71} = {827E0CD3-B72D-47B6-A68D-7590B98EB39B}
		{8F85CA1C-6F4D-4C60-9F68-0EB9A55B4E21} = {0C88DD14-F956-CE84-757C-A364CCF449FC}
		{AFF1513B-3FEE-46BC-8962-C8DDFA625C57} = {0C88DD14-F956-CE84-757C-A364CCF449FC}
		{AD9D92A5-F942-4B74-8E83-ABC83CF21B25} = {827E0CD3-B72D-47B6-A68D-7590B98EB39B}
		{42C8556C-FD13-4ABF-B856-D299213BD5AE} = {0C88DD14-F956-CE84-757C-A364CCF449FC}
		{10D3F5BF-6907-42B4-A119-A8C96888DD94} = {827E0CD3-B72D-47B6-A68D-7590B98EB39B}
		{391E6B8C-148E-44CE-BB3B-8A4DD883BA69} = {0C88DD14-F956-CE84-757C-A364CCF449FC}
		{2F3233FF-DEA0-4A0D-9FB2-D2EE8C1DA4C2} = {827E0CD3-B72D-47B6-A68D-7590B98EB39B}
		{35A78BAC-56F4-4FEB-B26D-0A99DA4A56AB} = {0C88DD14-F956-CE84-757C-A364CCF449FC}
		{8842160F-B7B9-47D1-9713-F053EF6031B8} = {827E0CD3-B72D-47B6-A68D-7590B98EB39B}
		{43136D31-97DD-4822-9BEF-1FF949553042} = {0C88DD14-F956-CE84-757C-A364CCF449FC}
		{E797F3F6-5BDB-440F-9550-D5DBCB29213D} = {827E0CD3-B72D-47B6-A68D-7590B98EB39B}
		{2D67241F-7928-4015-93DC-5AAD5D1719FA} = {0C88DD14-F956-CE84-757C-A364CCF449FC}
		{20108B51-1395-4716-A346-18209A434D9C} = {827E0CD3-B72D-47B6-A68D-7590B98EB39B}
		{53020558-67AB-4FA0-A826-1F5574332386} = {0C88DD14-F956-CE84-757C-A364CCF449FC}
		{B51C4A35-14F5-4846-A9CE-1989F2ED1242} = {827E0CD3-B72D-47B6-A68D-7590B98EB39B}
		{B0D1BAF4-1A67-4D9A-AAE4-DDFCD05DEEEE} = {0C88DD14-F956-CE84-757C-A364CCF449FC}
	EndGlobalSection
EndGlobal
